{
  "originHash" : "38a839bac163a0dc966cc704c4679380b17673b3d61898d0cfd905dafe3eebb4",
  "pins" : [
    {
      "identity" : "rich-editor-swiftui",
      "kind" : "remoteSourceControl",
      "location" : "https://github.com/canopas/rich-editor-swiftui.git",
      "state" : {
        "revision" : "4dd8f4446a2eda50a2f622317251864348ea82a3",
        "version" : "1.0.0"
      }
    },
    {
      "identity" : "richtextkit",
      "kind" : "remoteSourceControl",
      "location" : "https://github.com/danielsaidi/RichTextKit.git",
      "state" : {
        "revision" : "f0ecceb71ff3cb12a3143eed13b8b62fea7c34e5",
        "version" : "1.0.0"
      }
    }
  ],
  "version" : 3
}
