{
  "pins" : [
    {
      "identity" : "richtextkit",
      "kind" : "remoteSourceControl",
      "location" : "https://github.com/danielsaidi/RichTextKit.git",
      "state" : {
        "revision" : "f0ecceb71ff3cb12a3143eed13b8b62fea7c34e5",
        "version" : "1.0.0"
      }
    }
  ],
  "version" : 2
}
